
Microsoft Visual Studio Solution File, Format Version 12.00
# Visual Studio Version 16
VisualStudioVersion = 16.0.30114.105
MinimumVisualStudioVersion = 10.0.40219.1
Project("{2150E333-8FDC-42A3-9474-1A3956D46DE8}") = "src", "src", "{DE9534F5-ADEF-47D6-B729-CD1E7932CA46}"
EndProject
Project("{FAE04EC0-301F-11D3-BF4B-00C04F79EFBC}") = "Booking.Core", "src\Booking.Core\Booking.Core.csproj", "{114BF5FD-F2A9-4982-8224-1824A1C22C1A}"
EndProject
Project("{FAE04EC0-301F-11D3-BF4B-00C04F79EFBC}") = "Booking.RestServer", "src\Booking.RestServer\Booking.RestServer.csproj", "{BBA1280F-BF4E-46D6-828B-E668E3076FCC}"
EndProject
Project("{2150E333-8FDC-42A3-9474-1A3956D46DE8}") = "test", "test", "{ED08CA3F-A936-4545-8B3E-405319F6CF5C}"
EndProject
Project("{FAE04EC0-301F-11D3-BF4B-00C04F79EFBC}") = "Booking.Core.Tests", "test\Booking.Core.Tests\Booking.Core.Tests.csproj", "{969A91C6-EBF0-49AD-9814-EA9C3D8EBB86}"
EndProject
Global
	GlobalSection(SolutionConfigurationPlatforms) = preSolution
		Debug|Any CPU = Debug|Any CPU
		Release|Any CPU = Release|Any CPU
	EndGlobalSection
	GlobalSection(SolutionProperties) = preSolution
		HideSolutionNode = FALSE
	EndGlobalSection
	GlobalSection(ProjectConfigurationPlatforms) = postSolution
		{114BF5FD-F2A9-4982-8224-1824A1C22C1A}.Debug|Any CPU.ActiveCfg = Debug|Any CPU
		{114BF5FD-F2A9-4982-8224-1824A1C22C1A}.Debug|Any CPU.Build.0 = Debug|Any CPU
		{114BF5FD-F2A9-4982-8224-1824A1C22C1A}.Release|Any CPU.ActiveCfg = Release|Any CPU
		{114BF5FD-F2A9-4982-8224-1824A1C22C1A}.Release|Any CPU.Build.0 = Release|Any CPU
		{BBA1280F-BF4E-46D6-828B-E668E3076FCC}.Debug|Any CPU.ActiveCfg = Debug|Any CPU
		{BBA1280F-BF4E-46D6-828B-E668E3076FCC}.Debug|Any CPU.Build.0 = Debug|Any CPU
		{BBA1280F-BF4E-46D6-828B-E668E3076FCC}.Release|Any CPU.ActiveCfg = Release|Any CPU
		{BBA1280F-BF4E-46D6-828B-E668E3076FCC}.Release|Any CPU.Build.0 = Release|Any CPU
		{969A91C6-EBF0-49AD-9814-EA9C3D8EBB86}.Debug|Any CPU.ActiveCfg = Debug|Any CPU
		{969A91C6-EBF0-49AD-9814-EA9C3D8EBB86}.Debug|Any CPU.Build.0 = Debug|Any CPU
		{969A91C6-EBF0-49AD-9814-EA9C3D8EBB86}.Release|Any CPU.ActiveCfg = Release|Any CPU
		{969A91C6-EBF0-49AD-9814-EA9C3D8EBB86}.Release|Any CPU.Build.0 = Release|Any CPU
	EndGlobalSection
	GlobalSection(NestedProjects) = preSolution
		{114BF5FD-F2A9-4982-8224-1824A1C22C1A} = {DE9534F5-ADEF-47D6-B729-CD1E7932CA46}
		{BBA1280F-BF4E-46D6-828B-E668E3076FCC} = {DE9534F5-ADEF-47D6-B729-CD1E7932CA46}
		{969A91C6-EBF0-49AD-9814-EA9C3D8EBB86} = {ED08CA3F-A936-4545-8B3E-405319F6CF5C}
	EndGlobalSection
EndGlobal
